
Microsoft Visual Studio Solution File, Format Version 12.00
# Visual Studio Version 16
VisualStudioVersion = 16.0.31112.23
MinimumVisualStudioVersion = 10.0.40219.1
Project("{00D1A9C2-B5F0-4AF3-8072-F6C62B433612}") = "SquaresData", "SquaresData\SquaresData.sqlproj", "{61E14776-6BD9-469E-86B0-9FE079D75A41}"
EndProject
Project("{FAE04EC0-301F-11D3-BF4B-00C04F79EFBC}") = "SquaresDataManager", "SquaresDataManager\SquaresDataManager.csproj", "{04B249B4-58E8-46A9-93B2-230338B21744}"
EndProject
Project("{FAE04EC0-301F-11D3-BF4B-00C04F79EFBC}") = "SquaresDataManager.Library", "SquaresDataManager.Library\SquaresDataManager.Library.csproj", "{6EC73274-527C-4DA8-888D-F0B0CC271804}"
EndProject
Project("{FAE04EC0-301F-11D3-BF4B-00C04F79EFBC}") = "SquaresUI.Library", "SquaresUI.Library\SquaresUI.Library.csproj", "{D401F00E-24C4-4974-9DDD-0650B228E4F5}"
EndProject
Project("{FAE04EC0-301F-11D3-BF4B-00C04F79EFBC}") = "SquaresUI.LibraryTests", "SquaresUI.LibraryTests\SquaresUI.LibraryTests.csproj", "{A1E02DB2-25FE-4E6F-ABEC-8E41AFBA1CB3}"
EndProject
Project("{FAE04EC0-301F-11D3-BF4B-00C04F79EFBC}") = "ConsoleForTesting", "ConsoleForTesting\ConsoleForTesting.csproj", "{0A6DBE82-7653-4B51-B1B1-BD4D223F4F71}"
EndProject
Global
	GlobalSection(SolutionConfigurationPlatforms) = preSolution
		Debug|Any CPU = Debug|Any CPU
		Release|Any CPU = Release|Any CPU
	EndGlobalSection
	GlobalSection(ProjectConfigurationPlatforms) = postSolution
		{61E14776-6BD9-469E-86B0-9FE079D75A41}.Debug|Any CPU.ActiveCfg = Debug|Any CPU
		{61E14776-6BD9-469E-86B0-9FE079D75A41}.Debug|Any CPU.Build.0 = Debug|Any CPU
		{61E14776-6BD9-469E-86B0-9FE079D75A41}.Debug|Any CPU.Deploy.0 = Debug|Any CPU
		{61E14776-6BD9-469E-86B0-9FE079D75A41}.Release|Any CPU.ActiveCfg = Release|Any CPU
		{61E14776-6BD9-469E-86B0-9FE079D75A41}.Release|Any CPU.Build.0 = Release|Any CPU
		{61E14776-6BD9-469E-86B0-9FE079D75A41}.Release|Any CPU.Deploy.0 = Release|Any CPU
		{04B249B4-58E8-46A9-93B2-230338B21744}.Debug|Any CPU.ActiveCfg = Debug|Any CPU
		{04B249B4-58E8-46A9-93B2-230338B21744}.Debug|Any CPU.Build.0 = Debug|Any CPU
		{04B249B4-58E8-46A9-93B2-230338B21744}.Release|Any CPU.ActiveCfg = Release|Any CPU
		{04B249B4-58E8-46A9-93B2-230338B21744}.Release|Any CPU.Build.0 = Release|Any CPU
		{6EC73274-527C-4DA8-888D-F0B0CC271804}.Debug|Any CPU.ActiveCfg = Debug|Any CPU
		{6EC73274-527C-4DA8-888D-F0B0CC271804}.Debug|Any CPU.Build.0 = Debug|Any CPU
		{6EC73274-527C-4DA8-888D-F0B0CC271804}.Release|Any CPU.ActiveCfg = Release|Any CPU
		{6EC73274-527C-4DA8-888D-F0B0CC271804}.Release|Any CPU.Build.0 = Release|Any CPU
		{D401F00E-24C4-4974-9DDD-0650B228E4F5}.Debug|Any CPU.ActiveCfg = Debug|Any CPU
		{D401F00E-24C4-4974-9DDD-0650B228E4F5}.Debug|Any CPU.Build.0 = Debug|Any CPU
		{D401F00E-24C4-4974-9DDD-0650B228E4F5}.Release|Any CPU.ActiveCfg = Release|Any CPU
		{D401F00E-24C4-4974-9DDD-0650B228E4F5}.Release|Any CPU.Build.0 = Release|Any CPU
		{A1E02DB2-25FE-4E6F-ABEC-8E41AFBA1CB3}.Debug|Any CPU.ActiveCfg = Debug|Any CPU
		{A1E02DB2-25FE-4E6F-ABEC-8E41AFBA1CB3}.Debug|Any CPU.Build.0 = Debug|Any CPU
		{A1E02DB2-25FE-4E6F-ABEC-8E41AFBA1CB3}.Release|Any CPU.ActiveCfg = Release|Any CPU
		{A1E02DB2-25FE-4E6F-ABEC-8E41AFBA1CB3}.Release|Any CPU.Build.0 = Release|Any CPU
		{0A6DBE82-7653-4B51-B1B1-BD4D223F4F71}.Debug|Any CPU.ActiveCfg = Debug|Any CPU
		{0A6DBE82-7653-4B51-B1B1-BD4D223F4F71}.Debug|Any CPU.Build.0 = Debug|Any CPU
		{0A6DBE82-7653-4B51-B1B1-BD4D223F4F71}.Release|Any CPU.ActiveCfg = Release|Any CPU
		{0A6DBE82-7653-4B51-B1B1-BD4D223F4F71}.Release|Any CPU.Build.0 = Release|Any CPU
	EndGlobalSection
	GlobalSection(SolutionProperties) = preSolution
		HideSolutionNode = FALSE
	EndGlobalSection
	GlobalSection(ExtensibilityGlobals) = postSolution
		SolutionGuid = {9193C73D-B0FD-4113-902C-71119B72BEAE}
	EndGlobalSection
EndGlobal
